
Microsoft Visual Studio Solution File, Format Version 12.00
# Visual Studio Version 16
VisualStudioVersion = 16.0.33214.272
MinimumVisualStudioVersion = 10.0.40219.1
Project("{FAE04EC0-301F-11D3-BF4B-00C04F79EFBC}") = "MacSG", "MacSG\MacSG.csproj", "{7080C8C0-A507-02E8-0A18-DB8221090B7A}"
EndProject
Global
	GlobalSection(SolutionConfigurationPlatforms) = preSolution
		Debug|Any CPU = Debug|Any CPU
		Release|Any CPU = Release|Any CPU
	EndGlobalSection
	GlobalSection(ProjectConfigurationPlatforms) = postSolution
		{7080C8C0-A507-02E8-0A18-DB8221090B7A}.Debug|Any CPU.ActiveCfg = Debug|Any CPU
		{7080C8C0-A507-02E8-0A18-DB8221090B7A}.Debug|Any CPU.Build.0 = Debug|Any CPU
		{7080C8C0-A507-02E8-0A18-DB8221090B7A}.Release|Any CPU.ActiveCfg = Release|Any CPU
		{7080C8C0-A507-02E8-0A18-DB8221090B7A}.Release|Any CPU.Build.0 = Release|Any CPU
	EndGlobalSection
	GlobalSection(SolutionProperties) = preSolution
		HideSolutionNode = FALSE
	EndGlobalSection
	GlobalSection(ExtensibilityGlobals) = postSolution
		SolutionGuid = {98F4BD12-F67D-4C7E-A05D-9831874E7908}
	EndGlobalSection
EndGlobal
